
Microsoft Visual Studio Solution File, Format Version 12.00
# Visual Studio Version 16
VisualStudioVersion = 16.0.33214.272
MinimumVisualStudioVersion = 10.0.40219.1
Project("{FAE04EC0-301F-11D3-BF4B-00C04F79EFBC}") = "ProjetoPI", "ProjetoPI\ProjetoPI.csproj", "{524BB25B-F84B-46E6-8B91-970259CEB0B2}"
EndProject
Global
	GlobalSection(SolutionConfigurationPlatforms) = preSolution
		Debug|Any CPU = Debug|Any CPU
		Debug|x64 = Debug|x64
		Release|Any CPU = Release|Any CPU
		Release|x64 = Release|x64
	EndGlobalSection
	GlobalSection(ProjectConfigurationPlatforms) = postSolution
		{524BB25B-F84B-46E6-8B91-970259CEB0B2}.Debug|Any CPU.ActiveCfg = Debug|Any CPU
		{524BB25B-F84B-46E6-8B91-970259CEB0B2}.Debug|Any CPU.Build.0 = Debug|Any CPU
		{524BB25B-F84B-46E6-8B91-970259CEB0B2}.Debug|x64.ActiveCfg = Debug|x64
		{524BB25B-F84B-46E6-8B91-970259CEB0B2}.Debug|x64.Build.0 = Debug|x64
		{524BB25B-F84B-46E6-8B91-970259CEB0B2}.Release|Any CPU.ActiveCfg = Release|Any CPU
		{524BB25B-F84B-46E6-8B91-970259CEB0B2}.Release|Any CPU.Build.0 = Release|Any CPU
		{524BB25B-F84B-46E6-8B91-970259CEB0B2}.Release|x64.ActiveCfg = Release|x64
		{524BB25B-F84B-46E6-8B91-970259CEB0B2}.Release|x64.Build.0 = Release|x64
	EndGlobalSection
	GlobalSection(SolutionProperties) = preSolution
		HideSolutionNode = FALSE
	EndGlobalSection
	GlobalSection(ExtensibilityGlobals) = postSolution
		SolutionGuid = {47DDE652-5236-4204-9989-BF9F629DB18E}
	EndGlobalSection
EndGlobal
